{
  "version": 4,
  "terraform_version": "1.1.8",
  "serial": 2,
  "lineage": "e0fc1dd7-2ee3-ef75-ef7c-84f9b0282c84",
  "outputs": {},
  "resources": [
    {
      "mode": "data",
      "type": "aws_ami",
      "name": "ubuntu",
      "provider": "provider[\"registry.terraform.io/hashicorp/aws\"]",
      "instances": [
        {
          "schema_version": 0,
          "attributes": {
            "architecture": "x86_64",
            "arn": "arn:aws:ec2:us-east-1::image/ami-0c24d345ea91339ee",
            "block_device_mappings": [
              {
                "device_name": "/dev/sda1",
                "ebs": {
                  "delete_on_termination": "true",
                  "encrypted": "false",
                  "iops": "0",
                  "snapshot_id": "snap-01463764b7baca1c3",
                  "throughput": "0",
                  "volume_size": "8",
                  "volume_type": "gp2"
                },
                "no_device": "",
                "virtual_name": ""
              },
              {
                "device_name": "/dev/sdb",
                "ebs": {},
                "no_device": "",
                "virtual_name": "ephemeral0"
              },
              {
                "device_name": "/dev/sdc",
                "ebs": {},
                "no_device": "",
                "virtual_name": "ephemeral1"
              }
            ],
            "creation_date": "2022-06-16T02:01:00.000Z",
            "description": "Canonical, Ubuntu, 20.04 LTS, amd64 focal image build on 2022-06-15",
            "ena_support": true,
            "executable_users": null,
            "filter": [
              {
                "name": "name",
                "values": [
                  "ubuntu/images/hvm-ssd/ubuntu-focal-20.04-amd64-server-*"
                ]
              },
              {
                "name": "virtualization-type",
                "values": [
                  "hvm"
                ]
              }
            ],
            "hypervisor": "xen",
            "id": "ami-0c24d345ea91339ee",
            "image_id": "ami-0c24d345ea91339ee",
            "image_location": "aws-marketplace/ubuntu/images/hvm-ssd/ubuntu-focal-20.04-amd64-server-20220615-aced0818-eef1-427a-9e04-8ba38bada306",
            "image_owner_alias": "aws-marketplace",
            "image_type": "machine",
            "kernel_id": null,
            "most_recent": true,
            "name": "ubuntu/images/hvm-ssd/ubuntu-focal-20.04-amd64-server-20220615-aced0818-eef1-427a-9e04-8ba38bada306",
            "name_regex": null,
            "owner_id": "679593333241",
            "owners": [
              "aws-marketplace"
            ],
            "platform": null,
            "platform_details": "Linux/UNIX",
            "product_codes": [
              {
                "product_code_id": "a8jyynf4hjutohctm41o2z18m",
                "product_code_type": "marketplace"
              }
            ],
            "public": true,
            "ramdisk_id": null,
            "root_device_name": "/dev/sda1",
            "root_device_type": "ebs",
            "root_snapshot_id": "snap-01463764b7baca1c3",
            "sriov_net_support": "simple",
            "state": "available",
            "state_reason": {
              "code": "UNSET",
              "message": "UNSET"
            },
            "tags": {},
            "usage_operation": "RunInstances",
            "virtualization_type": "hvm"
          },
          "sensitive_attributes": []
        }
      ]
    },
    {
      "mode": "data",
      "type": "aws_iam_policy",
      "name": "session-mamanger-policy",
      "provider": "provider[\"registry.terraform.io/hashicorp/aws\"]",
      "instances": [
        {
          "schema_version": 0,
          "attributes": {
            "arn": "arn:aws:iam::aws:policy/AmazonSSMManagedInstanceCore",
            "description": "The policy for Amazon EC2 Role to enable AWS Systems Manager service core functionality.",
            "id": "arn:aws:iam::aws:policy/AmazonSSMManagedInstanceCore",
            "name": "AmazonSSMManagedInstanceCore",
            "path": "/",
            "path_prefix": null,
            "policy": "{\n    \"Version\": \"2012-10-17\",\n    \"Statement\": [\n        {\n            \"Effect\": \"Allow\",\n            \"Action\": [\n                \"ssm:DescribeAssociation\",\n                \"ssm:GetDeployablePatchSnapshotForInstance\",\n                \"ssm:GetDocument\",\n                \"ssm:DescribeDocument\",\n                \"ssm:GetManifest\",\n                \"ssm:GetParameter\",\n                \"ssm:GetParameters\",\n                \"ssm:ListAssociations\",\n                \"ssm:ListInstanceAssociations\",\n                \"ssm:PutInventory\",\n                \"ssm:PutComplianceItems\",\n                \"ssm:PutConfigurePackageResult\",\n                \"ssm:UpdateAssociationStatus\",\n                \"ssm:UpdateInstanceAssociationStatus\",\n                \"ssm:UpdateInstanceInformation\"\n            ],\n            \"Resource\": \"*\"\n        },\n        {\n            \"Effect\": \"Allow\",\n            \"Action\": [\n                \"ssmmessages:CreateControlChannel\",\n                \"ssmmessages:CreateDataChannel\",\n                \"ssmmessages:OpenControlChannel\",\n                \"ssmmessages:OpenDataChannel\"\n            ],\n            \"Resource\": \"*\"\n        },\n        {\n            \"Effect\": \"Allow\",\n            \"Action\": [\n                \"ec2messages:AcknowledgeMessage\",\n                \"ec2messages:DeleteMessage\",\n                \"ec2messages:FailMessage\",\n                \"ec2messages:GetEndpoint\",\n                \"ec2messages:GetMessages\",\n                \"ec2messages:SendReply\"\n            ],\n            \"Resource\": \"*\"\n        }\n    ]\n}",
            "policy_id": "ANPAIXSHM2BNB2D3AXXRU",
            "tags": {}
          },
          "sensitive_attributes": []
        }
      ]
    },
    {
      "mode": "data",
      "type": "terraform_remote_state",
      "name": "level1-main-vpc",
      "provider": "provider[\"terraform.io/builtin/terraform\"]",
      "instances": [
        {
          "schema_version": 0,
          "attributes": {
            "backend": "s3",
            "config": {
              "value": {
                "bucket": "main-backend-state-bucket",
                "key": "level1/terraform.tfstate",
                "region": "us-east-1"
              },
              "type": [
                "object",
                {
                  "bucket": "string",
                  "key": "string",
                  "region": "string"
                }
              ]
            },
            "defaults": null,
            "outputs": {
              "value": {
                "main-private-subnet": [
                  {
                    "arn": "arn:aws:ec2:us-east-1:003729975368:subnet/subnet-01d5a76d47b5943bd",
                    "assign_ipv6_address_on_creation": false,
                    "availability_zone": "us-east-1a",
                    "availability_zone_id": "use1-az2",
                    "cidr_block": "10.0.2.0/24",
                    "customer_owned_ipv4_pool": "",
                    "enable_dns64": false,
                    "enable_resource_name_dns_a_record_on_launch": false,
                    "enable_resource_name_dns_aaaa_record_on_launch": false,
                    "id": "subnet-01d5a76d47b5943bd",
                    "ipv6_cidr_block": "",
                    "ipv6_cidr_block_association_id": "",
                    "ipv6_native": false,
                    "map_customer_owned_ip_on_launch": false,
                    "map_public_ip_on_launch": false,
                    "outpost_arn": "",
                    "owner_id": "003729975368",
                    "private_dns_hostname_type_on_launch": "ip-name",
                    "tags": {
                      "Name": "0-main-private-subnet"
                    },
                    "tags_all": {
                      "Name": "0-main-private-subnet"
                    },
                    "timeouts": null,
                    "vpc_id": "vpc-0beefe9e4722d851e"
                  },
                  {
                    "arn": "arn:aws:ec2:us-east-1:003729975368:subnet/subnet-01974deacc93e3788",
                    "assign_ipv6_address_on_creation": false,
                    "availability_zone": "us-east-1b",
                    "availability_zone_id": "use1-az4",
                    "cidr_block": "10.0.3.0/24",
                    "customer_owned_ipv4_pool": "",
                    "enable_dns64": false,
                    "enable_resource_name_dns_a_record_on_launch": false,
                    "enable_resource_name_dns_aaaa_record_on_launch": false,
                    "id": "subnet-01974deacc93e3788",
                    "ipv6_cidr_block": "",
                    "ipv6_cidr_block_association_id": "",
                    "ipv6_native": false,
                    "map_customer_owned_ip_on_launch": false,
                    "map_public_ip_on_launch": false,
                    "outpost_arn": "",
                    "owner_id": "003729975368",
                    "private_dns_hostname_type_on_launch": "ip-name",
                    "tags": {
                      "Name": "1-main-private-subnet"
                    },
                    "tags_all": {
                      "Name": "1-main-private-subnet"
                    },
                    "timeouts": null,
                    "vpc_id": "vpc-0beefe9e4722d851e"
                  }
                ],
                "main-public-subnet": [
                  {
                    "arn": "arn:aws:ec2:us-east-1:003729975368:subnet/subnet-021b387c11c90bdde",
                    "assign_ipv6_address_on_creation": false,
                    "availability_zone": "us-east-1a",
                    "availability_zone_id": "use1-az2",
                    "cidr_block": "10.0.0.0/24",
                    "customer_owned_ipv4_pool": "",
                    "enable_dns64": false,
                    "enable_resource_name_dns_a_record_on_launch": false,
                    "enable_resource_name_dns_aaaa_record_on_launch": false,
                    "id": "subnet-021b387c11c90bdde",
                    "ipv6_cidr_block": "",
                    "ipv6_cidr_block_association_id": "",
                    "ipv6_native": false,
                    "map_customer_owned_ip_on_launch": false,
                    "map_public_ip_on_launch": false,
                    "outpost_arn": "",
                    "owner_id": "003729975368",
                    "private_dns_hostname_type_on_launch": "ip-name",
                    "tags": {
                      "Name": "0-main-public-subnet"
                    },
                    "tags_all": {
                      "Name": "0-main-public-subnet"
                    },
                    "timeouts": null,
                    "vpc_id": "vpc-0beefe9e4722d851e"
                  },
                  {
                    "arn": "arn:aws:ec2:us-east-1:003729975368:subnet/subnet-07572a9ce6405e350",
                    "assign_ipv6_address_on_creation": false,
                    "availability_zone": "us-east-1b",
                    "availability_zone_id": "use1-az4",
                    "cidr_block": "10.0.1.0/24",
                    "customer_owned_ipv4_pool": "",
                    "enable_dns64": false,
                    "enable_resource_name_dns_a_record_on_launch": false,
                    "enable_resource_name_dns_aaaa_record_on_launch": false,
                    "id": "subnet-07572a9ce6405e350",
                    "ipv6_cidr_block": "",
                    "ipv6_cidr_block_association_id": "",
                    "ipv6_native": false,
                    "map_customer_owned_ip_on_launch": false,
                    "map_public_ip_on_launch": false,
                    "outpost_arn": "",
                    "owner_id": "003729975368",
                    "private_dns_hostname_type_on_launch": "ip-name",
                    "tags": {
                      "Name": "1-main-public-subnet"
                    },
                    "tags_all": {
                      "Name": "1-main-public-subnet"
                    },
                    "timeouts": null,
                    "vpc_id": "vpc-0beefe9e4722d851e"
                  }
                ],
                "main-vpc-id": "vpc-0beefe9e4722d851e"
              },
              "type": [
                "object",
                {
                  "main-private-subnet": [
                    "tuple",
                    [
                      [
                        "object",
                        {
                          "arn": "string",
                          "assign_ipv6_address_on_creation": "bool",
                          "availability_zone": "string",
                          "availability_zone_id": "string",
                          "cidr_block": "string",
                          "customer_owned_ipv4_pool": "string",
                          "enable_dns64": "bool",
                          "enable_resource_name_dns_a_record_on_launch": "bool",
                          "enable_resource_name_dns_aaaa_record_on_launch": "bool",
                          "id": "string",
                          "ipv6_cidr_block": "string",
                          "ipv6_cidr_block_association_id": "string",
                          "ipv6_native": "bool",
                          "map_customer_owned_ip_on_launch": "bool",
                          "map_public_ip_on_launch": "bool",
                          "outpost_arn": "string",
                          "owner_id": "string",
                          "private_dns_hostname_type_on_launch": "string",
                          "tags": [
                            "map",
                            "string"
                          ],
                          "tags_all": [
                            "map",
                            "string"
                          ],
                          "timeouts": [
                            "object",
                            {
                              "create": "string",
                              "delete": "string"
                            }
                          ],
                          "vpc_id": "string"
                        }
                      ],
                      [
                        "object",
                        {
                          "arn": "string",
                          "assign_ipv6_address_on_creation": "bool",
                          "availability_zone": "string",
                          "availability_zone_id": "string",
                          "cidr_block": "string",
                          "customer_owned_ipv4_pool": "string",
                          "enable_dns64": "bool",
                          "enable_resource_name_dns_a_record_on_launch": "bool",
                          "enable_resource_name_dns_aaaa_record_on_launch": "bool",
                          "id": "string",
                          "ipv6_cidr_block": "string",
                          "ipv6_cidr_block_association_id": "string",
                          "ipv6_native": "bool",
                          "map_customer_owned_ip_on_launch": "bool",
                          "map_public_ip_on_launch": "bool",
                          "outpost_arn": "string",
                          "owner_id": "string",
                          "private_dns_hostname_type_on_launch": "string",
                          "tags": [
                            "map",
                            "string"
                          ],
                          "tags_all": [
                            "map",
                            "string"
                          ],
                          "timeouts": [
                            "object",
                            {
                              "create": "string",
                              "delete": "string"
                            }
                          ],
                          "vpc_id": "string"
                        }
                      ]
                    ]
                  ],
                  "main-public-subnet": [
                    "tuple",
                    [
                      [
                        "object",
                        {
                          "arn": "string",
                          "assign_ipv6_address_on_creation": "bool",
                          "availability_zone": "string",
                          "availability_zone_id": "string",
                          "cidr_block": "string",
                          "customer_owned_ipv4_pool": "string",
                          "enable_dns64": "bool",
                          "enable_resource_name_dns_a_record_on_launch": "bool",
                          "enable_resource_name_dns_aaaa_record_on_launch": "bool",
                          "id": "string",
                          "ipv6_cidr_block": "string",
                          "ipv6_cidr_block_association_id": "string",
                          "ipv6_native": "bool",
                          "map_customer_owned_ip_on_launch": "bool",
                          "map_public_ip_on_launch": "bool",
                          "outpost_arn": "string",
                          "owner_id": "string",
                          "private_dns_hostname_type_on_launch": "string",
                          "tags": [
                            "map",
                            "string"
                          ],
                          "tags_all": [
                            "map",
                            "string"
                          ],
                          "timeouts": [
                            "object",
                            {
                              "create": "string",
                              "delete": "string"
                            }
                          ],
                          "vpc_id": "string"
                        }
                      ],
                      [
                        "object",
                        {
                          "arn": "string",
                          "assign_ipv6_address_on_creation": "bool",
                          "availability_zone": "string",
                          "availability_zone_id": "string",
                          "cidr_block": "string",
                          "customer_owned_ipv4_pool": "string",
                          "enable_dns64": "bool",
                          "enable_resource_name_dns_a_record_on_launch": "bool",
                          "enable_resource_name_dns_aaaa_record_on_launch": "bool",
                          "id": "string",
                          "ipv6_cidr_block": "string",
                          "ipv6_cidr_block_association_id": "string",
                          "ipv6_native": "bool",
                          "map_customer_owned_ip_on_launch": "bool",
                          "map_public_ip_on_launch": "bool",
                          "outpost_arn": "string",
                          "owner_id": "string",
                          "private_dns_hostname_type_on_launch": "string",
                          "tags": [
                            "map",
                            "string"
                          ],
                          "tags_all": [
                            "map",
                            "string"
                          ],
                          "timeouts": [
                            "object",
                            {
                              "create": "string",
                              "delete": "string"
                            }
                          ],
                          "vpc_id": "string"
                        }
                      ]
                    ]
                  ],
                  "main-vpc-id": "string"
                }
              ]
            },
            "workspace": null
          },
          "sensitive_attributes": []
        }
      ]
    },
    {
      "module": "module.main-autoscaling-group",
      "mode": "managed",
      "type": "aws_autoscaling_group",
      "name": "main-autoscaling-group",
      "provider": "provider[\"registry.terraform.io/hashicorp/aws\"]",
      "instances": [
        {
          "schema_version": 0,
          "attributes": {
            "arn": "arn:aws:autoscaling:us-east-1:003729975368:autoScalingGroup:3a71a466-427c-48c8-b31b-261a3583f0fc:autoScalingGroupName/main-autoscaling-group",
            "availability_zones": [
              "us-east-1a",
              "us-east-1b"
            ],
            "capacity_rebalance": false,
            "default_cooldown": 300,
            "desired_capacity": 4,
            "enabled_metrics": [],
            "force_delete": true,
            "force_delete_warm_pool": false,
            "health_check_grace_period": 200,
            "health_check_type": "EC2",
            "id": "main-autoscaling-group",
            "initial_lifecycle_hook": [],
            "instance_refresh": [],
            "launch_configuration": "",
            "launch_template": [
              {
                "id": "lt-0a30942ff1cc88bf0",
                "name": "main-launch-template20220627024809628800000001",
                "version": "$Latest"
              }
            ],
            "load_balancers": [],
            "max_instance_lifetime": 0,
            "max_size": 5,
            "metrics_granularity": "1Minute",
            "min_elb_capacity": null,
            "min_size": 2,
            "mixed_instances_policy": [],
            "name": "main-autoscaling-group",
            "name_prefix": "",
            "placement_group": "",
            "protect_from_scale_in": false,
            "service_linked_role_arn": "arn:aws:iam::003729975368:role/aws-service-role/autoscaling.amazonaws.com/AWSServiceRoleForAutoScaling",
            "suspended_processes": [],
            "tag": [
              {
                "key": "name",
                "propagate_at_launch": true,
                "value": "main-autoscaling-group"
              }
            ],
            "tags": null,
            "target_group_arns": [
              "arn:aws:elasticloadbalancing:us-east-1:003729975368:targetgroup/main-target-group/6ee190f690bce2ec"
            ],
            "termination_policies": [],
            "timeouts": null,
            "vpc_zone_identifier": [
              "subnet-01974deacc93e3788",
              "subnet-01d5a76d47b5943bd"
            ],
            "wait_for_capacity_timeout": "10m",
            "wait_for_elb_capacity": null,
            "warm_pool": []
          },
          "sensitive_attributes": [
            [
              {
                "type": "get_attr",
                "value": "launch_template"
              },
              {
                "type": "index",
                "value": {
                  "value": 0,
                  "type": "number"
                }
              },
              {
                "type": "get_attr",
                "value": "id"
              }
            ]
          ],
          "private": "eyJlMmJmYjczMC1lY2FhLTExZTYtOGY4OC0zNDM2M2JjN2M0YzAiOnsiZGVsZXRlIjo2MDAwMDAwMDAwMDB9fQ==",
          "dependencies": [
            "data.aws_ami.ubuntu",
            "data.terraform_remote_state.level1-main-vpc",
            "module.main-elb-tcp80.aws_security_group.main-security-group",
            "module.main-elb.aws_lb_target_group.main-target-group",
            "module.main-launch-template.aws_launch_template.launch-template",
            "module.main-ssm-full-access.aws_iam_role.iam_role",
            "module.main_iam_instance_profile.aws_iam_instance_profile.iam_instance_profile"
          ]
        }
      ]
    },
    {
      "module": "module.main-elb",
      "mode": "managed",
      "type": "aws_lb",
      "name": "main-elb",
      "provider": "provider[\"registry.terraform.io/hashicorp/aws\"]",
      "instances": [
        {
          "schema_version": 0,
          "attributes": {
            "access_logs": [
              {
                "bucket": "",
                "enabled": false,
                "prefix": ""
              }
            ],
            "arn": "arn:aws:elasticloadbalancing:us-east-1:003729975368:loadbalancer/app/main-load-balancer/d859a2273c6a4443",
            "arn_suffix": "app/main-load-balancer/d859a2273c6a4443",
            "customer_owned_ipv4_pool": "",
            "desync_mitigation_mode": "defensive",
            "dns_name": "main-load-balancer-924730796.us-east-1.elb.amazonaws.com",
            "drop_invalid_header_fields": false,
            "enable_cross_zone_load_balancing": null,
            "enable_deletion_protection": false,
            "enable_http2": true,
            "enable_waf_fail_open": false,
            "id": "arn:aws:elasticloadbalancing:us-east-1:003729975368:loadbalancer/app/main-load-balancer/d859a2273c6a4443",
            "idle_timeout": 60,
            "internal": false,
            "ip_address_type": "ipv4",
            "load_balancer_type": "application",
            "name": "main-load-balancer",
            "name_prefix": null,
            "security_groups": [
              "sg-06ad2d336af9734eb"
            ],
            "subnet_mapping": [
              {
                "allocation_id": "",
                "ipv6_address": "",
                "outpost_id": "",
                "private_ipv4_address": "",
                "subnet_id": "subnet-021b387c11c90bdde"
              },
              {
                "allocation_id": "",
                "ipv6_address": "",
                "outpost_id": "",
                "private_ipv4_address": "",
                "subnet_id": "subnet-07572a9ce6405e350"
              }
            ],
            "subnets": [
              "subnet-021b387c11c90bdde",
              "subnet-07572a9ce6405e350"
            ],
            "tags": {
              "Name": "main-elb"
            },
            "tags_all": {
              "Name": "main-elb"
            },
            "timeouts": null,
            "vpc_id": "vpc-0beefe9e4722d851e",
            "zone_id": "Z35SXDOTRQ7X7K"
          },
          "sensitive_attributes": [],
          "private": "eyJlMmJmYjczMC1lY2FhLTExZTYtOGY4OC0zNDM2M2JjN2M0YzAiOnsiY3JlYXRlIjo2MDAwMDAwMDAwMDAsImRlbGV0ZSI6NjAwMDAwMDAwMDAwLCJ1cGRhdGUiOjYwMDAwMDAwMDAwMH19",
          "dependencies": [
            "data.terraform_remote_state.level1-main-vpc",
            "module.main-elb-tcp80.aws_security_group.main-security-group"
          ]
        }
      ]
    },
    {
      "module": "module.main-elb",
      "mode": "managed",
      "type": "aws_lb_listener",
      "name": "main-lb-listener",
      "provider": "provider[\"registry.terraform.io/hashicorp/aws\"]",
      "instances": [
        {
          "schema_version": 0,
          "attributes": {
            "alpn_policy": null,
            "arn": "arn:aws:elasticloadbalancing:us-east-1:003729975368:listener/app/main-load-balancer/d859a2273c6a4443/ca93e8430f7e4c91",
            "certificate_arn": null,
            "default_action": [
              {
                "authenticate_cognito": [],
                "authenticate_oidc": [],
                "fixed_response": [],
                "forward": [],
                "order": 1,
                "redirect": [],
                "target_group_arn": "arn:aws:elasticloadbalancing:us-east-1:003729975368:targetgroup/main-target-group/6ee190f690bce2ec",
                "type": "forward"
              }
            ],
            "id": "arn:aws:elasticloadbalancing:us-east-1:003729975368:listener/app/main-load-balancer/d859a2273c6a4443/ca93e8430f7e4c91",
            "load_balancer_arn": "arn:aws:elasticloadbalancing:us-east-1:003729975368:loadbalancer/app/main-load-balancer/d859a2273c6a4443",
            "port": 80,
            "protocol": "HTTP",
            "ssl_policy": "",
            "tags": {},
            "tags_all": {},
            "timeouts": null
          },
          "sensitive_attributes": [],
          "private": "eyJlMmJmYjczMC1lY2FhLTExZTYtOGY4OC0zNDM2M2JjN2M0YzAiOnsicmVhZCI6NjAwMDAwMDAwMDAwfX0=",
          "dependencies": [
            "data.terraform_remote_state.level1-main-vpc",
            "module.main-elb-tcp80.aws_security_group.main-security-group",
            "module.main-elb.aws_lb.main-elb",
            "module.main-elb.aws_lb_target_group.main-target-group"
          ]
        }
      ]
    },
    {
      "module": "module.main-elb",
      "mode": "managed",
      "type": "aws_lb_target_group",
      "name": "main-target-group",
      "provider": "provider[\"registry.terraform.io/hashicorp/aws\"]",
      "instances": [
        {
          "schema_version": 0,
          "attributes": {
            "arn": "arn:aws:elasticloadbalancing:us-east-1:003729975368:targetgroup/main-target-group/6ee190f690bce2ec",
            "arn_suffix": "targetgroup/main-target-group/6ee190f690bce2ec",
            "connection_termination": false,
            "deregistration_delay": "300",
            "health_check": [
              {
                "enabled": true,
                "healthy_threshold": 5,
                "interval": 30,
                "matcher": "200",
                "path": "/",
                "port": "traffic-port",
                "protocol": "HTTP",
                "timeout": 5,
                "unhealthy_threshold": 2
              }
            ],
            "id": "arn:aws:elasticloadbalancing:us-east-1:003729975368:targetgroup/main-target-group/6ee190f690bce2ec",
            "lambda_multi_value_headers_enabled": false,
            "load_balancing_algorithm_type": "round_robin",
            "name": "main-target-group",
            "name_prefix": null,
            "port": 80,
            "preserve_client_ip": null,
            "protocol": "HTTP",
            "protocol_version": "HTTP1",
            "proxy_protocol_v2": false,
            "slow_start": 0,
            "stickiness": [
              {
                "cookie_duration": 86400,
                "cookie_name": "",
                "enabled": false,
                "type": "lb_cookie"
              }
            ],
            "tags": {},
            "tags_all": {},
            "target_type": "instance",
            "vpc_id": "vpc-0beefe9e4722d851e"
          },
          "sensitive_attributes": [],
          "private": "bnVsbA==",
          "dependencies": [
            "data.terraform_remote_state.level1-main-vpc"
          ]
        }
      ]
    },
    {
      "module": "module.main-elb-tcp80",
      "mode": "managed",
      "type": "aws_security_group",
      "name": "main-security-group",
      "provider": "provider[\"registry.terraform.io/hashicorp/aws\"]",
      "instances": [
        {
          "schema_version": 1,
          "attributes": {
            "arn": "arn:aws:ec2:us-east-1:003729975368:security-group/sg-06ad2d336af9734eb",
            "description": "Allow port 80 TCP inbound to ELB",
            "egress": [
              {
                "cidr_blocks": [
                  "0.0.0.0/0"
                ],
                "description": "",
                "from_port": 0,
                "ipv6_cidr_blocks": [],
                "prefix_list_ids": [],
                "protocol": "tcp",
                "security_groups": [],
                "self": false,
                "to_port": 65535
              }
            ],
            "id": "sg-06ad2d336af9734eb",
            "ingress": [
              {
                "cidr_blocks": [
                  "0.0.0.0/0"
                ],
                "description": "http to ELB",
                "from_port": 80,
                "ipv6_cidr_blocks": [],
                "prefix_list_ids": [],
                "protocol": "tcp",
                "security_groups": [],
                "self": false,
                "to_port": 80
              }
            ],
            "name": "main-load-balancer",
            "name_prefix": "",
            "owner_id": "003729975368",
            "revoke_rules_on_delete": false,
            "tags": {
              "Name": "main-load-balancer-sg"
            },
            "tags_all": {
              "Name": "main-load-balancer-sg"
            },
            "timeouts": null,
            "vpc_id": "vpc-0beefe9e4722d851e"
          },
          "sensitive_attributes": [],
          "private": "eyJlMmJmYjczMC1lY2FhLTExZTYtOGY4OC0zNDM2M2JjN2M0YzAiOnsiY3JlYXRlIjo2MDAwMDAwMDAwMDAsImRlbGV0ZSI6OTAwMDAwMDAwMDAwfSwic2NoZW1hX3ZlcnNpb24iOiIxIn0=",
          "dependencies": [
            "data.terraform_remote_state.level1-main-vpc"
          ]
        }
      ]
    },
    {
      "module": "module.main-launch-template",
      "mode": "managed",
      "type": "aws_launch_template",
      "name": "launch-template",
      "provider": "provider[\"registry.terraform.io/hashicorp/aws\"]",
      "instances": [
        {
          "schema_version": 0,
          "attributes": {
            "arn": "arn:aws:ec2:us-east-1:003729975368:launch-template/lt-0a30942ff1cc88bf0",
            "block_device_mappings": [],
            "capacity_reservation_specification": [],
            "cpu_options": [],
            "credit_specification": [],
            "default_version": 1,
            "description": "",
            "disable_api_termination": false,
            "ebs_optimized": "",
            "elastic_gpu_specifications": [],
            "elastic_inference_accelerator": [],
            "enclave_options": [],
            "hibernation_options": [],
            "iam_instance_profile": [
              {
                "arn": "",
                "name": "main-session-manager-profile"
              }
            ],
            "id": "lt-0a30942ff1cc88bf0",
            "image_id": "ami-0c24d345ea91339ee",
            "instance_initiated_shutdown_behavior": "",
            "instance_market_options": [],
            "instance_type": "t2.small",
            "kernel_id": "",
            "key_name": "",
            "latest_version": 1,
            "license_specification": [],
            "metadata_options": [],
            "monitoring": [],
            "name": "main-launch-template20220627024809628800000001",
            "name_prefix": "main-launch-template",
            "network_interfaces": [],
            "placement": [],
            "ram_disk_id": "",
            "security_group_names": [],
            "tag_specifications": [
              {
                "resource_type": "instance",
                "tags": {
                  "Name": "main-ubuntu-launch-template"
                }
              }
            ],
            "tags": {},
            "tags_all": {},
            "update_default_version": null,
            "user_data": "",
            "vpc_security_group_ids": [
              "sg-06ad2d336af9734eb"
            ]
          },
          "sensitive_attributes": [],
          "private": "bnVsbA==",
          "dependencies": [
            "data.aws_ami.ubuntu",
            "data.terraform_remote_state.level1-main-vpc",
            "module.main-elb-tcp80.aws_security_group.main-security-group",
            "module.main-ssm-full-access.aws_iam_role.iam_role",
            "module.main_iam_instance_profile.aws_iam_instance_profile.iam_instance_profile"
          ]
        }
      ]
    },
    {
      "module": "module.main-session-mamanger-policy",
      "mode": "managed",
      "type": "aws_iam_role_policy",
      "name": "iam_role_policy",
      "provider": "provider[\"registry.terraform.io/hashicorp/aws\"]",
      "instances": [
        {
          "schema_version": 0,
          "attributes": {
            "id": "main-ssm-full-access:main-session-mamanger-policy",
            "name": "main-session-mamanger-policy",
            "name_prefix": null,
            "policy": "{\n    \"Version\": \"2012-10-17\",\n    \"Statement\": [\n        {\n            \"Effect\": \"Allow\",\n            \"Action\": [\n                \"ssm:DescribeAssociation\",\n                \"ssm:GetDeployablePatchSnapshotForInstance\",\n                \"ssm:GetDocument\",\n                \"ssm:DescribeDocument\",\n                \"ssm:GetManifest\",\n                \"ssm:GetParameter\",\n                \"ssm:GetParameters\",\n                \"ssm:ListAssociations\",\n                \"ssm:ListInstanceAssociations\",\n                \"ssm:PutInventory\",\n                \"ssm:PutComplianceItems\",\n                \"ssm:PutConfigurePackageResult\",\n                \"ssm:UpdateAssociationStatus\",\n                \"ssm:UpdateInstanceAssociationStatus\",\n                \"ssm:UpdateInstanceInformation\"\n            ],\n            \"Resource\": \"*\"\n        },\n        {\n            \"Effect\": \"Allow\",\n            \"Action\": [\n                \"ssmmessages:CreateControlChannel\",\n                \"ssmmessages:CreateDataChannel\",\n                \"ssmmessages:OpenControlChannel\",\n                \"ssmmessages:OpenDataChannel\"\n            ],\n            \"Resource\": \"*\"\n        },\n        {\n            \"Effect\": \"Allow\",\n            \"Action\": [\n                \"ec2messages:AcknowledgeMessage\",\n                \"ec2messages:DeleteMessage\",\n                \"ec2messages:FailMessage\",\n                \"ec2messages:GetEndpoint\",\n                \"ec2messages:GetMessages\",\n                \"ec2messages:SendReply\"\n            ],\n            \"Resource\": \"*\"\n        }\n    ]\n}",
            "role": "main-ssm-full-access"
          },
          "sensitive_attributes": [],
          "private": "bnVsbA==",
          "dependencies": [
            "data.aws_iam_policy.session-mamanger-policy",
            "module.main-ssm-full-access.aws_iam_role.iam_role"
          ]
        }
      ]
    },
    {
      "module": "module.main-ssm-full-access",
      "mode": "managed",
      "type": "aws_iam_role",
      "name": "iam_role",
      "provider": "provider[\"registry.terraform.io/hashicorp/aws\"]",
      "instances": [
        {
          "schema_version": 0,
          "attributes": {
            "arn": "arn:aws:iam::003729975368:role/main-ssm-full-access",
            "assume_role_policy": "{\"Version\":\"2012-10-17\",\"Statement\":[{\"Sid\":\"\",\"Effect\":\"Allow\",\"Principal\":{\"Service\":\"ec2.amazonaws.com\"},\"Action\":\"sts:AssumeRole\"}]}",
            "create_date": "2022-06-27T02:48:05Z",
            "description": "",
            "force_detach_policies": false,
            "id": "main-ssm-full-access",
            "inline_policy": [
              {
                "name": "main-session-mamanger-policy",
                "policy": "{\n    \"Version\": \"2012-10-17\",\n    \"Statement\": [\n        {\n            \"Effect\": \"Allow\",\n            \"Action\": [\n                \"ssm:DescribeAssociation\",\n                \"ssm:GetDeployablePatchSnapshotForInstance\",\n                \"ssm:GetDocument\",\n                \"ssm:DescribeDocument\",\n                \"ssm:GetManifest\",\n                \"ssm:GetParameter\",\n                \"ssm:GetParameters\",\n                \"ssm:ListAssociations\",\n                \"ssm:ListInstanceAssociations\",\n                \"ssm:PutInventory\",\n                \"ssm:PutComplianceItems\",\n                \"ssm:PutConfigurePackageResult\",\n                \"ssm:UpdateAssociationStatus\",\n                \"ssm:UpdateInstanceAssociationStatus\",\n                \"ssm:UpdateInstanceInformation\"\n            ],\n            \"Resource\": \"*\"\n        },\n        {\n            \"Effect\": \"Allow\",\n            \"Action\": [\n                \"ssmmessages:CreateControlChannel\",\n                \"ssmmessages:CreateDataChannel\",\n                \"ssmmessages:OpenControlChannel\",\n                \"ssmmessages:OpenDataChannel\"\n            ],\n            \"Resource\": \"*\"\n        },\n        {\n            \"Effect\": \"Allow\",\n            \"Action\": [\n                \"ec2messages:AcknowledgeMessage\",\n                \"ec2messages:DeleteMessage\",\n                \"ec2messages:FailMessage\",\n                \"ec2messages:GetEndpoint\",\n                \"ec2messages:GetMessages\",\n                \"ec2messages:SendReply\"\n            ],\n            \"Resource\": \"*\"\n        }\n    ]\n}"
              }
            ],
            "managed_policy_arns": [],
            "max_session_duration": 3600,
            "name": "main-ssm-full-access",
            "name_prefix": "",
            "path": "/",
            "permissions_boundary": null,
            "tags": {
              "Name": "main-ssm-full-access"
            },
            "tags_all": {
              "Name": "main-ssm-full-access"
            },
            "unique_id": "AROAQBXSS5BEGZFOXQMTE"
          },
          "sensitive_attributes": [],
          "private": "bnVsbA=="
        }
      ]
    },
    {
      "module": "module.main_iam_instance_profile",
      "mode": "managed",
      "type": "aws_iam_instance_profile",
      "name": "iam_instance_profile",
      "provider": "provider[\"registry.terraform.io/hashicorp/aws\"]",
      "instances": [
        {
          "schema_version": 0,
          "attributes": {
            "arn": "arn:aws:iam::003729975368:instance-profile/main-session-manager-profile",
            "create_date": "2022-06-27T02:48:06Z",
            "id": "main-session-manager-profile",
            "name": "main-session-manager-profile",
            "name_prefix": null,
            "path": "/",
            "role": "main-ssm-full-access",
            "tags": {},
            "tags_all": {},
            "unique_id": "AIPAQBXSS5BEP7CR4XJR3"
          },
          "sensitive_attributes": [],
          "private": "bnVsbA==",
          "dependencies": [
            "module.main-ssm-full-access.aws_iam_role.iam_role"
          ]
        }
      ]
    }
  ]
}
