{
  "version": 4,
  "terraform_version": "1.1.8",
  "serial": 68,
  "lineage": "32e0a8d4-a5a0-0f1f-df46-4c4f94575ae5",
  "outputs": {},
  "resources": [
    {
      "mode": "data",
      "type": "aws_ami",
      "name": "ubuntu",
      "provider": "provider[\"registry.terraform.io/hashicorp/aws\"]",
      "instances": [
        {
          "schema_version": 0,
          "attributes": {
            "architecture": "x86_64",
            "arn": "arn:aws:ec2:us-east-1::image/ami-0a20b2fbe7bee1376",
            "block_device_mappings": [
              {
                "device_name": "/dev/sda1",
                "ebs": {
                  "delete_on_termination": "true",
                  "encrypted": "false",
                  "iops": "0",
                  "snapshot_id": "snap-005d98017a9ec8318",
                  "throughput": "0",
                  "volume_size": "8",
                  "volume_type": "gp2"
                },
                "no_device": "",
                "virtual_name": ""
              },
              {
                "device_name": "/dev/sdb",
                "ebs": {},
                "no_device": "",
                "virtual_name": "ephemeral0"
              },
              {
                "device_name": "/dev/sdc",
                "ebs": {},
                "no_device": "",
                "virtual_name": "ephemeral1"
              }
            ],
            "boot_mode": "",
            "creation_date": "2022-06-28T01:46:23.000Z",
            "deprecation_time": "2024-06-28T01:46:23.000Z",
            "description": "Canonical, Ubuntu, 20.04 LTS, amd64 focal image build on 2022-06-27",
            "ena_support": true,
            "executable_users": null,
            "filter": [
              {
                "name": "name",
                "values": [
                  "ubuntu/images/hvm-ssd/ubuntu-focal-20.04-amd64-server-*"
                ]
              },
              {
                "name": "virtualization-type",
                "values": [
                  "hvm"
                ]
              }
            ],
            "hypervisor": "xen",
            "id": "ami-0a20b2fbe7bee1376",
            "image_id": "ami-0a20b2fbe7bee1376",
            "image_location": "aws-marketplace/ubuntu/images/hvm-ssd/ubuntu-focal-20.04-amd64-server-20220627.1-aced0818-eef1-427a-9e04-8ba38bada306",
            "image_owner_alias": "aws-marketplace",
            "image_type": "machine",
            "include_deprecated": false,
            "kernel_id": "",
            "most_recent": true,
            "name": "ubuntu/images/hvm-ssd/ubuntu-focal-20.04-amd64-server-20220627.1-aced0818-eef1-427a-9e04-8ba38bada306",
            "name_regex": null,
            "owner_id": "679593333241",
            "owners": [
              "aws-marketplace"
            ],
            "platform": "",
            "platform_details": "Linux/UNIX",
            "product_codes": [
              {
                "product_code_id": "a8jyynf4hjutohctm41o2z18m",
                "product_code_type": "marketplace"
              }
            ],
            "public": true,
            "ramdisk_id": "",
            "root_device_name": "/dev/sda1",
            "root_device_type": "ebs",
            "root_snapshot_id": "snap-005d98017a9ec8318",
            "sriov_net_support": "simple",
            "state": "available",
            "state_reason": {
              "code": "UNSET",
              "message": "UNSET"
            },
            "tags": {},
            "tpm_support": "",
            "usage_operation": "RunInstances",
            "virtualization_type": "hvm"
          },
          "sensitive_attributes": []
        }
      ]
    },
    {
      "mode": "data",
      "type": "aws_iam_policy",
      "name": "session-mamanger-policy",
      "provider": "provider[\"registry.terraform.io/hashicorp/aws\"]",
      "instances": [
        {
          "schema_version": 0,
          "attributes": {
            "arn": "arn:aws:iam::aws:policy/AmazonSSMManagedInstanceCore",
            "description": "The policy for Amazon EC2 Role to enable AWS Systems Manager service core functionality.",
            "id": "arn:aws:iam::aws:policy/AmazonSSMManagedInstanceCore",
            "name": "AmazonSSMManagedInstanceCore",
            "path": "/",
            "path_prefix": null,
            "policy": "{\n    \"Version\": \"2012-10-17\",\n    \"Statement\": [\n        {\n            \"Effect\": \"Allow\",\n            \"Action\": [\n                \"ssm:DescribeAssociation\",\n                \"ssm:GetDeployablePatchSnapshotForInstance\",\n                \"ssm:GetDocument\",\n                \"ssm:DescribeDocument\",\n                \"ssm:GetManifest\",\n                \"ssm:GetParameter\",\n                \"ssm:GetParameters\",\n                \"ssm:ListAssociations\",\n                \"ssm:ListInstanceAssociations\",\n                \"ssm:PutInventory\",\n                \"ssm:PutComplianceItems\",\n                \"ssm:PutConfigurePackageResult\",\n                \"ssm:UpdateAssociationStatus\",\n                \"ssm:UpdateInstanceAssociationStatus\",\n                \"ssm:UpdateInstanceInformation\"\n            ],\n            \"Resource\": \"*\"\n        },\n        {\n            \"Effect\": \"Allow\",\n            \"Action\": [\n                \"ssmmessages:CreateControlChannel\",\n                \"ssmmessages:CreateDataChannel\",\n                \"ssmmessages:OpenControlChannel\",\n                \"ssmmessages:OpenDataChannel\"\n            ],\n            \"Resource\": \"*\"\n        },\n        {\n            \"Effect\": \"Allow\",\n            \"Action\": [\n                \"ec2messages:AcknowledgeMessage\",\n                \"ec2messages:DeleteMessage\",\n                \"ec2messages:FailMessage\",\n                \"ec2messages:GetEndpoint\",\n                \"ec2messages:GetMessages\",\n                \"ec2messages:SendReply\"\n            ],\n            \"Resource\": \"*\"\n        }\n    ]\n}",
            "policy_id": "ANPAIXSHM2BNB2D3AXXRU",
            "tags": {}
          },
          "sensitive_attributes": []
        }
      ]
    },
    {
      "mode": "data",
      "type": "aws_route53_zone",
      "name": "shaunsawslabzone",
      "provider": "provider[\"registry.terraform.io/hashicorp/aws\"]",
      "instances": [
        {
          "schema_version": 0,
          "attributes": {
            "arn": "arn:aws:route53:::hostedzone/Z07791612R28SIFISN0SG",
            "caller_reference": "RISWorkflow-RD:aa833f1f-0689-4158-be7f-89f7427b0cd5",
            "comment": "HostedZone created by Route53 Registrar",
            "id": "Z07791612R28SIFISN0SG",
            "linked_service_description": null,
            "linked_service_principal": null,
            "name": "shaunsawslab.link",
            "name_servers": [
              "ns-693.awsdns-22.net",
              "ns-1951.awsdns-51.co.uk",
              "ns-1026.awsdns-00.org",
              "ns-277.awsdns-34.com"
            ],
            "private_zone": false,
            "resource_record_set_count": 4,
            "tags": {},
            "vpc_id": null,
            "zone_id": "Z07791612R28SIFISN0SG"
          },
          "sensitive_attributes": []
        }
      ]
    },
    {
      "mode": "data",
      "type": "terraform_remote_state",
      "name": "level1-main-vpc",
      "provider": "provider[\"terraform.io/builtin/terraform\"]",
      "instances": [
        {
          "schema_version": 0,
          "attributes": {
            "backend": "s3",
            "config": {
              "value": {
                "bucket": "main-backend-state-bucket",
                "key": "level1/terraform.tfstate",
                "region": "us-east-1"
              },
              "type": [
                "object",
                {
                  "bucket": "string",
                  "key": "string",
                  "region": "string"
                }
              ]
            },
            "defaults": null,
            "outputs": {
              "value": {
                "main-private-subnet": [
                  "subnet-00cb0574d9d1f111d",
                  "subnet-079375647ffb2452f"
                ],
                "main-public-subnet": [
                  "subnet-0eccd91289a0ae0dd",
                  "subnet-06ed3e01828d0b9f6"
                ],
                "main-vpc-id": "vpc-0c1c65eedb209f445"
              },
              "type": [
                "object",
                {
                  "main-private-subnet": [
                    "tuple",
                    [
                      "string",
                      "string"
                    ]
                  ],
                  "main-public-subnet": [
                    "tuple",
                    [
                      "string",
                      "string"
                    ]
                  ],
                  "main-vpc-id": "string"
                }
              ]
            },
            "workspace": null
          },
          "sensitive_attributes": []
        }
      ]
    },
    {
      "module": "module.alb_443_sg",
      "mode": "managed",
      "type": "aws_security_group",
      "name": "this_name_prefix",
      "provider": "provider[\"registry.terraform.io/hashicorp/aws\"]",
      "instances": [
        {
          "index_key": 0,
          "schema_version": 1,
          "attributes": {
            "arn": "arn:aws:ec2:us-east-1:003729975368:security-group/sg-0a2675ebe866a65e8",
            "description": "Allow port 443 TCP inbound to alb with custom ports open within VPC",
            "egress": [
              {
                "cidr_blocks": [
                  "0.0.0.0/0"
                ],
                "description": "https to ELB",
                "from_port": 0,
                "ipv6_cidr_blocks": [],
                "prefix_list_ids": [],
                "protocol": "tcp",
                "security_groups": [],
                "self": false,
                "to_port": 65535
              }
            ],
            "id": "sg-0a2675ebe866a65e8",
            "ingress": [
              {
                "cidr_blocks": [
                  "0.0.0.0/0"
                ],
                "description": "https to ELB",
                "from_port": 443,
                "ipv6_cidr_blocks": [],
                "prefix_list_ids": [],
                "protocol": "tcp",
                "security_groups": [],
                "self": false,
                "to_port": 443
              }
            ],
            "name": "main-elb-security-group-20220704022746198000000002",
            "name_prefix": "main-elb-security-group-",
            "owner_id": "003729975368",
            "revoke_rules_on_delete": false,
            "tags": {
              "Name": "main-elb-security-group",
              "name": "main-elb-sg"
            },
            "tags_all": {
              "Name": "main-elb-security-group",
              "name": "main-elb-sg"
            },
            "timeouts": {
              "create": "10m",
              "delete": "15m"
            },
            "vpc_id": "vpc-0c1c65eedb209f445"
          },
          "sensitive_attributes": [],
          "private": "eyJlMmJmYjczMC1lY2FhLTExZTYtOGY4OC0zNDM2M2JjN2M0YzAiOnsiY3JlYXRlIjo2MDAwMDAwMDAwMDAsImRlbGV0ZSI6OTAwMDAwMDAwMDAwfSwic2NoZW1hX3ZlcnNpb24iOiIxIn0=",
          "dependencies": [
            "data.terraform_remote_state.level1-main-vpc"
          ],
          "create_before_destroy": true
        }
      ]
    },
    {
      "module": "module.alb_443_sg",
      "mode": "managed",
      "type": "aws_security_group_rule",
      "name": "egress_with_cidr_blocks",
      "provider": "provider[\"registry.terraform.io/hashicorp/aws\"]",
      "instances": [
        {
          "index_key": 0,
          "schema_version": 2,
          "attributes": {
            "cidr_blocks": [
              "0.0.0.0/0"
            ],
            "description": "https to ELB",
            "from_port": 0,
            "id": "sgrule-2347282378",
            "ipv6_cidr_blocks": [],
            "prefix_list_ids": [],
            "protocol": "tcp",
            "security_group_id": "sg-0a2675ebe866a65e8",
            "self": false,
            "source_security_group_id": null,
            "to_port": 65535,
            "type": "egress"
          },
          "sensitive_attributes": [],
          "private": "eyJzY2hlbWFfdmVyc2lvbiI6IjIifQ==",
          "dependencies": [
            "data.terraform_remote_state.level1-main-vpc",
            "module.alb_443_sg.aws_security_group.this",
            "module.alb_443_sg.aws_security_group.this_name_prefix"
          ]
        }
      ]
    },
    {
      "module": "module.alb_443_sg",
      "mode": "managed",
      "type": "aws_security_group_rule",
      "name": "ingress_with_cidr_blocks",
      "provider": "provider[\"registry.terraform.io/hashicorp/aws\"]",
      "instances": [
        {
          "index_key": 0,
          "schema_version": 2,
          "attributes": {
            "cidr_blocks": [
              "0.0.0.0/0"
            ],
            "description": "https to ELB",
            "from_port": 443,
            "id": "sgrule-4007120223",
            "ipv6_cidr_blocks": [],
            "prefix_list_ids": [],
            "protocol": "tcp",
            "security_group_id": "sg-0a2675ebe866a65e8",
            "self": false,
            "source_security_group_id": null,
            "to_port": 443,
            "type": "ingress"
          },
          "sensitive_attributes": [],
          "private": "eyJzY2hlbWFfdmVyc2lvbiI6IjIifQ==",
          "dependencies": [
            "data.terraform_remote_state.level1-main-vpc",
            "module.alb_443_sg.aws_security_group.this",
            "module.alb_443_sg.aws_security_group.this_name_prefix"
          ]
        }
      ]
    },
    {
      "module": "module.elb_friendly_name",
      "mode": "managed",
      "type": "aws_acm_certificate",
      "name": "certificate",
      "provider": "provider[\"registry.terraform.io/hashicorp/aws\"]",
      "instances": [
        {
          "schema_version": 0,
          "attributes": {
            "arn": "arn:aws:acm:us-east-1:003729975368:certificate/8623f1a4-1848-418b-8300-aa13a96a034d",
            "certificate_authority_arn": "",
            "certificate_body": null,
            "certificate_chain": null,
            "domain_name": "loadbalancer.shaunsawslab.link",
            "domain_validation_options": [
              {
                "domain_name": "loadbalancer.shaunsawslab.link",
                "resource_record_name": "_9257cf123ebd193f6866bc926e8d6d5c.loadbalancer.shaunsawslab.link.",
                "resource_record_type": "CNAME",
                "resource_record_value": "_36d8766b63b7b0073d4799c306a30a39.btkxpdzscj.acm-validations.aws."
              }
            ],
            "id": "arn:aws:acm:us-east-1:003729975368:certificate/8623f1a4-1848-418b-8300-aa13a96a034d",
            "options": [
              {
                "certificate_transparency_logging_preference": "ENABLED"
              }
            ],
            "private_key": null,
            "status": "ISSUED",
            "subject_alternative_names": [
              "loadbalancer.shaunsawslab.link"
            ],
            "tags": {
              "name": "main-ssl-certificate"
            },
            "tags_all": {
              "name": "main-ssl-certificate"
            },
            "validation_emails": [],
            "validation_method": "DNS",
            "validation_option": []
          },
          "sensitive_attributes": [],
          "private": "bnVsbA==",
          "create_before_destroy": true
        }
      ]
    },
    {
      "module": "module.elb_friendly_name",
      "mode": "managed",
      "type": "aws_acm_certificate_validation",
      "name": "cert_validation",
      "provider": "provider[\"registry.terraform.io/hashicorp/aws\"]",
      "instances": [
        {
          "schema_version": 0,
          "attributes": {
            "certificate_arn": "arn:aws:acm:us-east-1:003729975368:certificate/8623f1a4-1848-418b-8300-aa13a96a034d",
            "id": "2022-07-04 02:28:06.274 +0000 UTC",
            "timeouts": null,
            "validation_record_fqdns": [
              "_9257cf123ebd193f6866bc926e8d6d5c.loadbalancer.shaunsawslab.link"
            ]
          },
          "sensitive_attributes": [],
          "private": "eyJlMmJmYjczMC1lY2FhLTExZTYtOGY4OC0zNDM2M2JjN2M0YzAiOnsiY3JlYXRlIjoyNzAwMDAwMDAwMDAwfX0=",
          "dependencies": [
            "data.aws_route53_zone.shaunsawslabzone",
            "module.elb_friendly_name.aws_acm_certificate.certificate",
            "module.elb_friendly_name.aws_route53_record.domain_validation"
          ]
        }
      ]
    },
    {
      "module": "module.elb_friendly_name",
      "mode": "managed",
      "type": "aws_route53_record",
      "name": "domain_validation",
      "provider": "provider[\"registry.terraform.io/hashicorp/aws\"]",
      "instances": [
        {
          "index_key": "loadbalancer.shaunsawslab.link",
          "schema_version": 2,
          "attributes": {
            "alias": [],
            "allow_overwrite": true,
            "failover_routing_policy": [],
            "fqdn": "_9257cf123ebd193f6866bc926e8d6d5c.loadbalancer.shaunsawslab.link",
            "geolocation_routing_policy": [],
            "health_check_id": "",
            "id": "Z07791612R28SIFISN0SG__9257cf123ebd193f6866bc926e8d6d5c.loadbalancer.shaunsawslab.link._CNAME",
            "latency_routing_policy": [],
            "multivalue_answer_routing_policy": null,
            "name": "_9257cf123ebd193f6866bc926e8d6d5c.loadbalancer.shaunsawslab.link",
            "records": [
              "_36d8766b63b7b0073d4799c306a30a39.btkxpdzscj.acm-validations.aws."
            ],
            "set_identifier": "",
            "ttl": 60,
            "type": "CNAME",
            "weighted_routing_policy": [],
            "zone_id": "Z07791612R28SIFISN0SG"
          },
          "sensitive_attributes": [],
          "private": "eyJzY2hlbWFfdmVyc2lvbiI6IjIifQ==",
          "dependencies": [
            "data.aws_route53_zone.shaunsawslabzone",
            "module.elb_friendly_name.aws_acm_certificate.certificate"
          ]
        }
      ]
    },
    {
      "module": "module.elb_friendly_name",
      "mode": "managed",
      "type": "aws_route53_record",
      "name": "simple_alias_record",
      "provider": "provider[\"registry.terraform.io/hashicorp/aws\"]",
      "instances": [
        {
          "schema_version": 2,
          "attributes": {
            "alias": [
              {
                "evaluate_target_health": true,
                "name": "main-elb-342875265.us-east-1.elb.amazonaws.com",
                "zone_id": "Z35SXDOTRQ7X7K"
              }
            ],
            "allow_overwrite": null,
            "failover_routing_policy": [],
            "fqdn": "loadbalancer.shaunsawslab.link",
            "geolocation_routing_policy": [],
            "health_check_id": "",
            "id": "Z07791612R28SIFISN0SG_loadbalancer_A",
            "latency_routing_policy": [],
            "multivalue_answer_routing_policy": null,
            "name": "loadbalancer",
            "records": [],
            "set_identifier": "",
            "ttl": 0,
            "type": "A",
            "weighted_routing_policy": [],
            "zone_id": "Z07791612R28SIFISN0SG"
          },
          "sensitive_attributes": [],
          "private": "eyJzY2hlbWFfdmVyc2lvbiI6IjIifQ==",
          "dependencies": [
            "data.aws_route53_zone.shaunsawslabzone",
            "data.terraform_remote_state.level1-main-vpc",
            "module.alb_443_sg.aws_security_group.this",
            "module.alb_443_sg.aws_security_group.this_name_prefix",
            "module.main-elb.aws_lb.this"
          ]
        }
      ]
    },
    {
      "module": "module.launch-template-sg",
      "mode": "managed",
      "type": "aws_security_group",
      "name": "this_name_prefix",
      "provider": "provider[\"registry.terraform.io/hashicorp/aws\"]",
      "instances": [
        {
          "index_key": 0,
          "schema_version": 1,
          "attributes": {
            "arn": "arn:aws:ec2:us-east-1:003729975368:security-group/sg-05a496448894308df",
            "description": "Allow port 80 TCP inbound to ec2 ASG instances within VPC",
            "egress": [
              {
                "cidr_blocks": [
                  "0.0.0.0/0"
                ],
                "description": "https to ELB",
                "from_port": 0,
                "ipv6_cidr_blocks": [],
                "prefix_list_ids": [],
                "protocol": "tcp",
                "security_groups": [],
                "self": false,
                "to_port": 65535
              }
            ],
            "id": "sg-05a496448894308df",
            "ingress": [
              {
                "cidr_blocks": [
                  "0.0.0.0/0"
                ],
                "description": "https to ELB",
                "from_port": 3306,
                "ipv6_cidr_blocks": [],
                "prefix_list_ids": [],
                "protocol": "tcp",
                "security_groups": [],
                "self": false,
                "to_port": 3306
              },
              {
                "cidr_blocks": [
                  "0.0.0.0/0"
                ],
                "description": "https to ELB",
                "from_port": 80,
                "ipv6_cidr_blocks": [],
                "prefix_list_ids": [],
                "protocol": "tcp",
                "security_groups": [],
                "self": false,
                "to_port": 80
              }
            ],
            "name": "main-lt-security-group-20220704043554691800000001",
            "name_prefix": "main-lt-security-group-",
            "owner_id": "003729975368",
            "revoke_rules_on_delete": false,
            "tags": {
              "Name": "main-lt-security-group",
              "name": "main-elb-sg"
            },
            "tags_all": {
              "Name": "main-lt-security-group",
              "name": "main-elb-sg"
            },
            "timeouts": {
              "create": "10m",
              "delete": "15m"
            },
            "vpc_id": "vpc-0c1c65eedb209f445"
          },
          "sensitive_attributes": [],
          "private": "eyJlMmJmYjczMC1lY2FhLTExZTYtOGY4OC0zNDM2M2JjN2M0YzAiOnsiY3JlYXRlIjo2MDAwMDAwMDAwMDAsImRlbGV0ZSI6OTAwMDAwMDAwMDAwfSwic2NoZW1hX3ZlcnNpb24iOiIxIn0=",
          "dependencies": [
            "data.terraform_remote_state.level1-main-vpc"
          ],
          "create_before_destroy": true
        }
      ]
    },
    {
      "module": "module.launch-template-sg",
      "mode": "managed",
      "type": "aws_security_group_rule",
      "name": "egress_with_cidr_blocks",
      "provider": "provider[\"registry.terraform.io/hashicorp/aws\"]",
      "instances": [
        {
          "index_key": 0,
          "schema_version": 2,
          "attributes": {
            "cidr_blocks": [
              "0.0.0.0/0"
            ],
            "description": "https to ELB",
            "from_port": 0,
            "id": "sgrule-2066075001",
            "ipv6_cidr_blocks": [],
            "prefix_list_ids": [],
            "protocol": "tcp",
            "security_group_id": "sg-05a496448894308df",
            "self": false,
            "source_security_group_id": null,
            "to_port": 65535,
            "type": "egress"
          },
          "sensitive_attributes": [],
          "private": "eyJzY2hlbWFfdmVyc2lvbiI6IjIifQ==",
          "dependencies": [
            "data.terraform_remote_state.level1-main-vpc",
            "module.launch-template-sg.aws_security_group.this",
            "module.launch-template-sg.aws_security_group.this_name_prefix"
          ]
        }
      ]
    },
    {
      "module": "module.launch-template-sg",
      "mode": "managed",
      "type": "aws_security_group_rule",
      "name": "ingress_with_cidr_blocks",
      "provider": "provider[\"registry.terraform.io/hashicorp/aws\"]",
      "instances": [
        {
          "index_key": 0,
          "schema_version": 2,
          "attributes": {
            "cidr_blocks": [
              "0.0.0.0/0"
            ],
            "description": "https to ELB",
            "from_port": 80,
            "id": "sgrule-2730553851",
            "ipv6_cidr_blocks": [],
            "prefix_list_ids": [],
            "protocol": "tcp",
            "security_group_id": "sg-05a496448894308df",
            "self": false,
            "source_security_group_id": null,
            "to_port": 80,
            "type": "ingress"
          },
          "sensitive_attributes": [],
          "private": "eyJzY2hlbWFfdmVyc2lvbiI6IjIifQ==",
          "dependencies": [
            "data.terraform_remote_state.level1-main-vpc",
            "module.launch-template-sg.aws_security_group.this",
            "module.launch-template-sg.aws_security_group.this_name_prefix"
          ]
        },
        {
          "index_key": 1,
          "schema_version": 2,
          "attributes": {
            "cidr_blocks": [
              "0.0.0.0/0"
            ],
            "description": "https to ELB",
            "from_port": 3306,
            "id": "sgrule-1279126793",
            "ipv6_cidr_blocks": [],
            "prefix_list_ids": [],
            "protocol": "tcp",
            "security_group_id": "sg-05a496448894308df",
            "self": false,
            "source_security_group_id": null,
            "to_port": 3306,
            "type": "ingress"
          },
          "sensitive_attributes": [],
          "private": "eyJzY2hlbWFfdmVyc2lvbiI6IjIifQ==",
          "dependencies": [
            "data.terraform_remote_state.level1-main-vpc",
            "module.launch-template-sg.aws_security_group.this",
            "module.launch-template-sg.aws_security_group.this_name_prefix"
          ]
        }
      ]
    },
    {
      "module": "module.main-autoscaling-group",
      "mode": "data",
      "type": "aws_default_tags",
      "name": "current",
      "provider": "provider[\"registry.terraform.io/hashicorp/aws\"]",
      "instances": [
        {
          "schema_version": 0,
          "attributes": {
            "id": "aws",
            "tags": {}
          },
          "sensitive_attributes": []
        }
      ]
    },
    {
      "module": "module.main-autoscaling-group",
      "mode": "data",
      "type": "aws_iam_policy_document",
      "name": "assume_role_policy",
      "provider": "provider[\"registry.terraform.io/hashicorp/aws\"]",
      "instances": [
        {
          "index_key": 0,
          "schema_version": 0,
          "attributes": {
            "id": "1256122602",
            "json": "{\n  \"Version\": \"2012-10-17\",\n  \"Statement\": [\n    {\n      \"Sid\": \"EC2AssumeRole\",\n      \"Effect\": \"Allow\",\n      \"Action\": \"sts:AssumeRole\",\n      \"Principal\": {\n        \"Service\": \"ec2.amazonaws.com\"\n      }\n    }\n  ]\n}",
            "override_json": null,
            "override_policy_documents": null,
            "policy_id": null,
            "source_json": null,
            "source_policy_documents": null,
            "statement": [
              {
                "actions": [
                  "sts:AssumeRole"
                ],
                "condition": [],
                "effect": "Allow",
                "not_actions": [],
                "not_principals": [],
                "not_resources": [],
                "principals": [
                  {
                    "identifiers": [
                      "ec2.amazonaws.com"
                    ],
                    "type": "Service"
                  }
                ],
                "resources": [],
                "sid": "EC2AssumeRole"
              }
            ],
            "version": "2012-10-17"
          },
          "sensitive_attributes": []
        }
      ]
    },
    {
      "module": "module.main-autoscaling-group",
      "mode": "data",
      "type": "aws_partition",
      "name": "current",
      "provider": "provider[\"registry.terraform.io/hashicorp/aws\"]",
      "instances": [
        {
          "schema_version": 0,
          "attributes": {
            "dns_suffix": "amazonaws.com",
            "id": "aws",
            "partition": "aws",
            "reverse_dns_prefix": "com.amazonaws"
          },
          "sensitive_attributes": []
        }
      ]
    },
    {
      "module": "module.main-autoscaling-group",
      "mode": "managed",
      "type": "aws_autoscaling_group",
      "name": "this",
      "provider": "provider[\"registry.terraform.io/hashicorp/aws\"]",
      "instances": [
        {
          "index_key": 0,
          "schema_version": 0,
          "attributes": {
            "arn": "arn:aws:autoscaling:us-east-1:003729975368:autoScalingGroup:3b4316fc-1141-414b-8ade-db6522d2fa00:autoScalingGroupName/main-autoscaling-group-20220704044423924900000002",
            "availability_zones": [
              "us-east-1a",
              "us-east-1b"
            ],
            "capacity_rebalance": false,
            "context": "",
            "default_cooldown": 300,
            "desired_capacity": 4,
            "enabled_metrics": null,
            "force_delete": true,
            "force_delete_warm_pool": false,
            "health_check_grace_period": 400,
            "health_check_type": "EC2",
            "id": "main-autoscaling-group-20220704044423924900000002",
            "initial_lifecycle_hook": [],
            "instance_refresh": [],
            "launch_configuration": "",
            "launch_template": [
              {
                "id": "lt-0ba3b4d9c75d05ee7",
                "name": "main-launch-template-20220704043556999200000005",
                "version": "$Latest"
              }
            ],
            "load_balancers": null,
            "max_instance_lifetime": 0,
            "max_size": 5,
            "metrics_granularity": "1Minute",
            "min_elb_capacity": null,
            "min_size": 2,
            "mixed_instances_policy": [],
            "name": "main-autoscaling-group-20220704044423924900000002",
            "name_prefix": "main-autoscaling-group-",
            "placement_group": "",
            "protect_from_scale_in": false,
            "service_linked_role_arn": "arn:aws:iam::003729975368:role/aws-service-role/autoscaling.amazonaws.com/AWSServiceRoleForAutoScaling",
            "suspended_processes": null,
            "tag": [
              {
                "key": "Name",
                "propagate_at_launch": true,
                "value": "main-autoscaling-group"
              }
            ],
            "tags": null,
            "target_group_arns": [
              "arn:aws:elasticloadbalancing:us-east-1:003729975368:targetgroup/main20220704030229992900000001/ce689bbf597d6041"
            ],
            "termination_policies": [],
            "timeouts": {
              "delete": null,
              "update": null
            },
            "vpc_zone_identifier": [
              "subnet-00cb0574d9d1f111d",
              "subnet-079375647ffb2452f"
            ],
            "wait_for_capacity_timeout": "10m",
            "wait_for_elb_capacity": null,
            "warm_pool": []
          },
          "sensitive_attributes": [],
          "private": "eyJlMmJmYjczMC1lY2FhLTExZTYtOGY4OC0zNDM2M2JjN2M0YzAiOnsiZGVsZXRlIjo2MDAwMDAwMDAwMDAsInVwZGF0ZSI6NjAwMDAwMDAwMDAwfX0=",
          "dependencies": [
            "data.aws_ami.ubuntu",
            "data.terraform_remote_state.level1-main-vpc",
            "module.launch-template-sg.aws_security_group.this",
            "module.launch-template-sg.aws_security_group.this_name_prefix",
            "module.main-autoscaling-group.aws_iam_instance_profile.this",
            "module.main-autoscaling-group.aws_launch_template.this",
            "module.main-autoscaling-group.data.aws_default_tags.current",
            "module.main-elb.aws_lb_target_group.main"
          ],
          "create_before_destroy": true
        }
      ]
    },
    {
      "module": "module.main-autoscaling-group",
      "mode": "managed",
      "type": "aws_iam_instance_profile",
      "name": "this",
      "provider": "provider[\"registry.terraform.io/hashicorp/aws\"]",
      "instances": [
        {
          "index_key": 0,
          "schema_version": 0,
          "attributes": {
            "arn": "arn:aws:iam::003729975368:instance-profile/ec2/main-ssm-full-access-20220704043555825100000003",
            "create_date": "2022-07-04T04:35:56Z",
            "id": "main-ssm-full-access-20220704043555825100000003",
            "name": "main-ssm-full-access-20220704043555825100000003",
            "name_prefix": "main-ssm-full-access-",
            "path": "/ec2/",
            "role": "main-ssm-full-access-20220704043554691800000002",
            "tags": {
              "CustomIamRole": "No"
            },
            "tags_all": {
              "CustomIamRole": "No"
            },
            "unique_id": "AIPAQBXSS5BEIN37HHTXP"
          },
          "sensitive_attributes": [],
          "private": "bnVsbA==",
          "dependencies": [
            "module.main-autoscaling-group.aws_iam_role.this",
            "module.main-autoscaling-group.data.aws_iam_policy_document.assume_role_policy",
            "module.main-autoscaling-group.data.aws_partition.current"
          ],
          "create_before_destroy": true
        }
      ]
    },
    {
      "module": "module.main-autoscaling-group",
      "mode": "managed",
      "type": "aws_iam_role",
      "name": "this",
      "provider": "provider[\"registry.terraform.io/hashicorp/aws\"]",
      "instances": [
        {
          "index_key": 0,
          "schema_version": 0,
          "attributes": {
            "arn": "arn:aws:iam::003729975368:role/ec2/main-ssm-full-access-20220704043554691800000002",
            "assume_role_policy": "{\"Version\":\"2012-10-17\",\"Statement\":[{\"Sid\":\"EC2AssumeRole\",\"Effect\":\"Allow\",\"Principal\":{\"Service\":\"ec2.amazonaws.com\"},\"Action\":\"sts:AssumeRole\"}]}",
            "create_date": "2022-07-04T04:35:55Z",
            "description": "IAM role for Sessions Manager",
            "force_detach_policies": true,
            "id": "main-ssm-full-access-20220704043554691800000002",
            "inline_policy": [
              {
                "name": "",
                "policy": ""
              }
            ],
            "managed_policy_arns": [
              "arn:aws:iam::aws:policy/AmazonSSMManagedInstanceCore"
            ],
            "max_session_duration": 3600,
            "name": "main-ssm-full-access-20220704043554691800000002",
            "name_prefix": "main-ssm-full-access-",
            "path": "/ec2/",
            "permissions_boundary": null,
            "tags": {
              "CustomIamRole": "No"
            },
            "tags_all": {
              "CustomIamRole": "No"
            },
            "unique_id": "AROAQBXSS5BELD3AOD25J"
          },
          "sensitive_attributes": [],
          "private": "bnVsbA==",
          "dependencies": [
            "module.main-autoscaling-group.data.aws_iam_policy_document.assume_role_policy",
            "module.main-autoscaling-group.data.aws_partition.current"
          ],
          "create_before_destroy": true
        }
      ]
    },
    {
      "module": "module.main-autoscaling-group",
      "mode": "managed",
      "type": "aws_iam_role_policy_attachment",
      "name": "this",
      "provider": "provider[\"registry.terraform.io/hashicorp/aws\"]",
      "instances": [
        {
          "index_key": "AmazonSSMManagedInstanceCore",
          "schema_version": 0,
          "attributes": {
            "id": "main-ssm-full-access-20220704043554691800000002-20220704043556087200000004",
            "policy_arn": "arn:aws:iam::aws:policy/AmazonSSMManagedInstanceCore",
            "role": "main-ssm-full-access-20220704043554691800000002"
          },
          "sensitive_attributes": [],
          "private": "bnVsbA==",
          "dependencies": [
            "module.main-autoscaling-group.aws_iam_role.this",
            "module.main-autoscaling-group.data.aws_iam_policy_document.assume_role_policy",
            "module.main-autoscaling-group.data.aws_partition.current"
          ]
        }
      ]
    },
    {
      "module": "module.main-autoscaling-group",
      "mode": "managed",
      "type": "aws_launch_template",
      "name": "this",
      "provider": "provider[\"registry.terraform.io/hashicorp/aws\"]",
      "instances": [
        {
          "index_key": 0,
          "schema_version": 0,
          "attributes": {
            "arn": "arn:aws:ec2:us-east-1:003729975368:launch-template/lt-0ba3b4d9c75d05ee7",
            "block_device_mappings": [],
            "capacity_reservation_specification": [],
            "cpu_options": [],
            "credit_specification": [],
            "default_version": 2,
            "description": "Launch template example",
            "disable_api_stop": false,
            "disable_api_termination": false,
            "ebs_optimized": "",
            "elastic_gpu_specifications": [],
            "elastic_inference_accelerator": [],
            "enclave_options": [],
            "hibernation_options": [],
            "iam_instance_profile": [
              {
                "arn": "arn:aws:iam::003729975368:instance-profile/ec2/main-ssm-full-access-20220704043555825100000003",
                "name": ""
              }
            ],
            "id": "lt-0ba3b4d9c75d05ee7",
            "image_id": "ami-0a20b2fbe7bee1376",
            "instance_initiated_shutdown_behavior": "",
            "instance_market_options": [],
            "instance_requirements": [],
            "instance_type": "t2.small",
            "kernel_id": "",
            "key_name": "main",
            "latest_version": 2,
            "license_specification": [],
            "maintenance_options": [],
            "metadata_options": [],
            "monitoring": [
              {
                "enabled": true
              }
            ],
            "name": "main-launch-template-20220704043556999200000005",
            "name_prefix": "main-launch-template-",
            "network_interfaces": [],
            "placement": [],
            "private_dns_name_options": [],
            "ram_disk_id": "",
            "security_group_names": [],
            "tag_specifications": [
              {
                "resource_type": "instance",
                "tags": {
                  "Name": "main-ubuntu-launch-template"
                }
              }
            ],
            "tags": {},
            "tags_all": {},
            "update_default_version": true,
            "user_data": "IyEvYmluL2Jhc2gNCnN1ZG8gYXB0IHVwZGF0ZSAteQ0Kc3VkbyBhcHQtZ2V0IGluc3RhbGwgYXBhY2hlMiAteQ0Kc3VkbyBzZXJ2aWNlIGFwYWNoZTIgc3RhcnQNCmNkIC92YXIvd3d3L2h0bWwNCmVjaG8gIjxodG1sPjxib2R5PjxoMT5XZWxjb21lIHRvIFNoYXVuJ3Mgd2Vic2VydmVyPC9oMT48L2JvZHk+PC9odG1sPiIgPiBpbmRleC5odG1sDQo=",
            "vpc_security_group_ids": [
              "sg-05a496448894308df"
            ]
          },
          "sensitive_attributes": [],
          "private": "bnVsbA==",
          "dependencies": [
            "data.aws_ami.ubuntu",
            "module.launch-template-sg.aws_security_group.this",
            "module.launch-template-sg.aws_security_group.this_name_prefix",
            "module.main-autoscaling-group.aws_iam_instance_profile.this"
          ],
          "create_before_destroy": true
        }
      ]
    },
    {
      "module": "module.main-elb",
      "mode": "managed",
      "type": "aws_lb",
      "name": "this",
      "provider": "provider[\"registry.terraform.io/hashicorp/aws\"]",
      "instances": [
        {
          "index_key": 0,
          "schema_version": 0,
          "attributes": {
            "access_logs": [
              {
                "bucket": "",
                "enabled": false,
                "prefix": ""
              }
            ],
            "arn": "arn:aws:elasticloadbalancing:us-east-1:003729975368:loadbalancer/app/main-elb/92f076661127e621",
            "arn_suffix": "app/main-elb/92f076661127e621",
            "customer_owned_ipv4_pool": "",
            "desync_mitigation_mode": "defensive",
            "dns_name": "main-elb-342875265.us-east-1.elb.amazonaws.com",
            "drop_invalid_header_fields": false,
            "enable_cross_zone_load_balancing": null,
            "enable_deletion_protection": false,
            "enable_http2": true,
            "enable_waf_fail_open": false,
            "id": "arn:aws:elasticloadbalancing:us-east-1:003729975368:loadbalancer/app/main-elb/92f076661127e621",
            "idle_timeout": 60,
            "internal": false,
            "ip_address_type": "ipv4",
            "load_balancer_type": "application",
            "name": "main-elb",
            "name_prefix": null,
            "security_groups": [
              "sg-0a2675ebe866a65e8"
            ],
            "subnet_mapping": [
              {
                "allocation_id": "",
                "ipv6_address": "",
                "outpost_id": "",
                "private_ipv4_address": "",
                "subnet_id": "subnet-06ed3e01828d0b9f6"
              },
              {
                "allocation_id": "",
                "ipv6_address": "",
                "outpost_id": "",
                "private_ipv4_address": "",
                "subnet_id": "subnet-0eccd91289a0ae0dd"
              }
            ],
            "subnets": [
              "subnet-06ed3e01828d0b9f6",
              "subnet-0eccd91289a0ae0dd"
            ],
            "tags": {
              "Name": "main-elb",
              "name": "main_elb"
            },
            "tags_all": {
              "Name": "main-elb",
              "name": "main_elb"
            },
            "timeouts": {
              "create": "10m",
              "delete": "10m",
              "update": "10m"
            },
            "vpc_id": "vpc-0c1c65eedb209f445",
            "zone_id": "Z35SXDOTRQ7X7K"
          },
          "sensitive_attributes": [],
          "private": "eyJlMmJmYjczMC1lY2FhLTExZTYtOGY4OC0zNDM2M2JjN2M0YzAiOnsiY3JlYXRlIjo2MDAwMDAwMDAwMDAsImRlbGV0ZSI6NjAwMDAwMDAwMDAwLCJ1cGRhdGUiOjYwMDAwMDAwMDAwMH19",
          "dependencies": [
            "data.terraform_remote_state.level1-main-vpc",
            "module.alb_443_sg.aws_security_group.this",
            "module.alb_443_sg.aws_security_group.this_name_prefix"
          ]
        }
      ]
    },
    {
      "module": "module.main-elb",
      "mode": "managed",
      "type": "aws_lb_listener",
      "name": "frontend_https",
      "provider": "provider[\"registry.terraform.io/hashicorp/aws\"]",
      "instances": [
        {
          "index_key": 0,
          "schema_version": 0,
          "attributes": {
            "alpn_policy": null,
            "arn": "arn:aws:elasticloadbalancing:us-east-1:003729975368:listener/app/main-elb/92f076661127e621/9416a57e449ff9c3",
            "certificate_arn": "arn:aws:acm:us-east-1:003729975368:certificate/8623f1a4-1848-418b-8300-aa13a96a034d",
            "default_action": [
              {
                "authenticate_cognito": [],
                "authenticate_oidc": [],
                "fixed_response": [],
                "forward": [],
                "order": 1,
                "redirect": [],
                "target_group_arn": "arn:aws:elasticloadbalancing:us-east-1:003729975368:targetgroup/main20220704030229992900000001/ce689bbf597d6041",
                "type": "forward"
              }
            ],
            "id": "arn:aws:elasticloadbalancing:us-east-1:003729975368:listener/app/main-elb/92f076661127e621/9416a57e449ff9c3",
            "load_balancer_arn": "arn:aws:elasticloadbalancing:us-east-1:003729975368:loadbalancer/app/main-elb/92f076661127e621",
            "port": 443,
            "protocol": "HTTPS",
            "ssl_policy": "ELBSecurityPolicy-2016-08",
            "tags": {
              "name": "main-alb-listener"
            },
            "tags_all": {
              "name": "main-alb-listener"
            },
            "timeouts": null
          },
          "sensitive_attributes": [],
          "private": "eyJlMmJmYjczMC1lY2FhLTExZTYtOGY4OC0zNDM2M2JjN2M0YzAiOnsicmVhZCI6NjAwMDAwMDAwMDAwfX0=",
          "dependencies": [
            "data.aws_route53_zone.shaunsawslabzone",
            "data.terraform_remote_state.level1-main-vpc",
            "module.alb_443_sg.aws_security_group.this",
            "module.alb_443_sg.aws_security_group.this_name_prefix",
            "module.elb_friendly_name.aws_acm_certificate.certificate",
            "module.elb_friendly_name.aws_acm_certificate_validation.cert_validation",
            "module.elb_friendly_name.aws_route53_record.domain_validation",
            "module.main-elb.aws_lb.this",
            "module.main-elb.aws_lb_target_group.main"
          ]
        }
      ]
    },
    {
      "module": "module.main-elb",
      "mode": "managed",
      "type": "aws_lb_target_group",
      "name": "main",
      "provider": "provider[\"registry.terraform.io/hashicorp/aws\"]",
      "instances": [
        {
          "index_key": 0,
          "schema_version": 0,
          "attributes": {
            "arn": "arn:aws:elasticloadbalancing:us-east-1:003729975368:targetgroup/main20220704030229992900000001/ce689bbf597d6041",
            "arn_suffix": "targetgroup/main20220704030229992900000001/ce689bbf597d6041",
            "connection_termination": false,
            "deregistration_delay": "10",
            "health_check": [
              {
                "enabled": true,
                "healthy_threshold": 5,
                "interval": 30,
                "matcher": "200",
                "path": "/",
                "port": "traffic-port",
                "protocol": "HTTP",
                "timeout": 5,
                "unhealthy_threshold": 2
              }
            ],
            "id": "arn:aws:elasticloadbalancing:us-east-1:003729975368:targetgroup/main20220704030229992900000001/ce689bbf597d6041",
            "lambda_multi_value_headers_enabled": false,
            "load_balancing_algorithm_type": "round_robin",
            "name": "main20220704030229992900000001",
            "name_prefix": "main",
            "port": 80,
            "preserve_client_ip": null,
            "protocol": "HTTP",
            "protocol_version": "HTTP1",
            "proxy_protocol_v2": false,
            "slow_start": 0,
            "stickiness": [
              {
                "cookie_duration": 86400,
                "cookie_name": "",
                "enabled": false,
                "type": "lb_cookie"
              }
            ],
            "tags": {
              "Name": "main",
              "name": "main-tg"
            },
            "tags_all": {
              "Name": "main",
              "name": "main-tg"
            },
            "target_type": "instance",
            "vpc_id": "vpc-0c1c65eedb209f445"
          },
          "sensitive_attributes": [],
          "private": "bnVsbA==",
          "dependencies": [
            "data.terraform_remote_state.level1-main-vpc"
          ],
          "create_before_destroy": true
        }
      ]
    }
  ]
}
